// !$*UTF8*$!
{
	archiveVersion = 1;
	classes = {
	};
	objectVersion = 77;
	objects = {

/* Begin PBXBuildFile section */
		272BFA392F6BA9BD00245665 /* ClassTrax Watch App.app in Embed Watch Content */ = {isa = PBXBuildFile; fileRef = 272BFA2F2F6BA9BB00245665 /* ClassTrax Watch App.app */; settings = {ATTRIBUTES = (RemoveHeadersOnCopy, ); }; };
		27C273E12F64914E00078D37 /* CarPlay.framework in Frameworks */ = {isa = PBXBuildFile; fileRef = 27C273E02F64914E00078D37 /* CarPlay.framework */; };
		27C273E32F64916800078D37 /* WatchKit.framework in Frameworks */ = {isa = PBXBuildFile; fileRef = 27C273E22F64916800078D37 /* WatchKit.framework */; platformFilters = (watchos, ); };
		27C273E42F64916F00078D37 /* CarPlay.framework in Frameworks */ = {isa = PBXBuildFile; fileRef = 27C273E02F64914E00078D37 /* CarPlay.framework */; platformFilter = ios; };
		27EC66D22F61EAE600D0870D /* ActivityKit.framework in Frameworks */ = {isa = PBXBuildFile; fileRef = 27EC66D12F61EAE600D0870D /* ActivityKit.framework */; };
		27EC66D92F61EB3D00D0870D /* WidgetKit.framework in Frameworks */ = {isa = PBXBuildFile; fileRef = 27EC66D82F61EB3D00D0870D /* WidgetKit.framework */; };
		27EC66DB2F61EB3D00D0870D /* SwiftUI.framework in Frameworks */ = {isa = PBXBuildFile; fileRef = 27EC66DA2F61EB3D00D0870D /* SwiftUI.framework */; };
		27EC66EC2F61EB3F00D0870D /* ClassTraxExtension.appex in Embed Foundation Extensions */ = {isa = PBXBuildFile; fileRef = 27EC66D72F61EB3D00D0870D /* ClassTraxExtension.appex */; settings = {ATTRIBUTES = (RemoveHeadersOnCopy, ); }; };
		27EC66F62F61ECBB00D0870D /* WidgetKit.framework in Frameworks */ = {isa = PBXBuildFile; fileRef = 27EC66D82F61EB3D00D0870D /* WidgetKit.framework */; };
/* End PBXBuildFile section */

/* Begin PBXContainerItemProxy section */
		272BFA372F6BA9BD00245665 /* PBXContainerItemProxy */ = {
			isa = PBXContainerItemProxy;
			containerPortal = 27335DAD2F5B700800889F92 /* Project object */;
			proxyType = 1;
			remoteGlobalIDString = 272BFA2E2F6BA9BB00245665;
			remoteInfo = "Class Trax Watch App";
		};
		27EC66EA2F61EB3F00D0870D /* PBXContainerItemProxy */ = {
			isa = PBXContainerItemProxy;
			containerPortal = 27335DAD2F5B700800889F92 /* Project object */;
			proxyType = 1;
			remoteGlobalIDString = 27EC66D62F61EB3D00D0870D;
			remoteInfo = ClassTraxExtension;
		};
/* End PBXContainerItemProxy section */

/* Begin PBXCopyFilesBuildPhase section */
		272BFA3A2F6BA9BD00245665 /* Embed Watch Content */ = {
			isa = PBXCopyFilesBuildPhase;
			buildActionMask = 2147483647;
			dstPath = "$(CONTENTS_FOLDER_PATH)/Watch";
			dstSubfolderSpec = 16;
			files = (
				272BFA392F6BA9BD00245665 /* ClassTrax Watch App.app in Embed Watch Content */,
			);
			name = "Embed Watch Content";
			runOnlyForDeploymentPostprocessing = 0;
		};
		27EC66F12F61EB3F00D0870D /* Embed Foundation Extensions */ = {
			isa = PBXCopyFilesBuildPhase;
			buildActionMask = 2147483647;
			dstPath = "";
			dstSubfolderSpec = 13;
			files = (
				27EC66EC2F61EB3F00D0870D /* ClassTraxExtension.appex in Embed Foundation Extensions */,
			);
			name = "Embed Foundation Extensions";
			runOnlyForDeploymentPostprocessing = 0;
		};
/* End PBXCopyFilesBuildPhase section */

/* Begin PBXFileReference section */
		270550292F7CC4730050F222 /* UserNotifications.framework */ = {isa = PBXFileReference; lastKnownFileType = wrapper.framework; name = UserNotifications.framework; path = System/Library/Frameworks/UserNotifications.framework; sourceTree = SDKROOT; };
		2705502B2F7CC4730050F222 /* UserNotificationsUI.framework */ = {isa = PBXFileReference; lastKnownFileType = wrapper.framework; name = UserNotificationsUI.framework; path = System/Library/Frameworks/UserNotificationsUI.framework; sourceTree = SDKROOT; };
		272BFA2F2F6BA9BB00245665 /* ClassTrax Watch App.app */ = {isa = PBXFileReference; explicitFileType = wrapper.application; includeInIndex = 0; path = "ClassTrax Watch App.app"; sourceTree = BUILT_PRODUCTS_DIR; };
		27335DB52F5B700800889F92 /* ClassTrax.app */ = {isa = PBXFileReference; explicitFileType = wrapper.application; includeInIndex = 0; path = ClassTrax.app; sourceTree = BUILT_PRODUCTS_DIR; };
		2775AE132F87F88200C95EEE /* ClassTraxExtensionRelease.entitlements */ = {isa = PBXFileReference; lastKnownFileType = text.plist.entitlements; path = ClassTraxExtensionRelease.entitlements; sourceTree = "<group>"; };
		27C273E02F64914E00078D37 /* CarPlay.framework */ = {isa = PBXFileReference; lastKnownFileType = wrapper.framework; name = CarPlay.framework; path = System/Library/Frameworks/CarPlay.framework; sourceTree = SDKROOT; };
		27C273E22F64916800078D37 /* WatchKit.framework */ = {isa = PBXFileReference; lastKnownFileType = wrapper.framework; name = WatchKit.framework; path = Platforms/WatchOS.platform/Developer/SDKs/WatchOS26.2.sdk/System/Library/Frameworks/WatchKit.framework; sourceTree = DEVELOPER_DIR; };
		27EC66D12F61EAE600D0870D /* ActivityKit.framework */ = {isa = PBXFileReference; lastKnownFileType = wrapper.framework; name = ActivityKit.framework; path = System/Library/Frameworks/ActivityKit.framework; sourceTree = SDKROOT; };
		27EC66D72F61EB3D00D0870D /* ClassTraxExtension.appex */ = {isa = PBXFileReference; explicitFileType = "wrapper.app-extension"; includeInIndex = 0; path = ClassTraxExtension.appex; sourceTree = BUILT_PRODUCTS_DIR; };
		27EC66D82F61EB3D00D0870D /* WidgetKit.framework */ = {isa = PBXFileReference; lastKnownFileType = wrapper.framework; name = WidgetKit.framework; path = System/Library/Frameworks/WidgetKit.framework; sourceTree = SDKROOT; };
		27EC66DA2F61EB3D00D0870D /* SwiftUI.framework */ = {isa = PBXFileReference; lastKnownFileType = wrapper.framework; name = SwiftUI.framework; path = System/Library/Frameworks/SwiftUI.framework; sourceTree = SDKROOT; };
/* End PBXFileReference section */

/* Begin PBXFileSystemSynchronizedBuildFileExceptionSet section */
		27335DC22F5B700B00889F92 /* Exceptions for "ClassCue" folder in "ClassTrax" target */ = {
			isa = PBXFileSystemSynchronizedBuildFileExceptionSet;
			membershipExceptions = (
				Info.plist,
			);
			target = 27335DB42F5B700800889F92 /* ClassTrax */;
		};
		27EC66F02F61EB3F00D0870D /* Exceptions for "Class Cue" folder in "ClassTraxExtension" target */ = {
			isa = PBXFileSystemSynchronizedBuildFileExceptionSet;
			membershipExceptions = (
				AppIntent.swift,
				Class_TraxControl.swift,
				Info.plist,
			);
			target = 27EC66D62F61EB3D00D0870D /* ClassTraxExtension */;
		};
		27EC67322F6204B100D0870D /* Exceptions for "ClassCue" folder in "ClassTraxExtension" target */ = {
			isa = PBXFileSystemSynchronizedBuildFileExceptionSet;
			membershipExceptions = (
				App/NotificationDelegate.swift,
				Assets.xcassets,
				ClassTraxApp.swift,
				Components/NextUpCard.swift,
				ContentView.swift,
				Engines/BellCountdownEngine.swift,
				Engines/TimerEngine.swift,
				Info.plist,
				Models/AlarmItem.swift,
				Models/CommitmentItem.swift,
				Models/DayOverride.swift,
				Models/HapticPattern.swift,
				Models/ScheduleProfile.swift,
				Models/TodoItem.swift,
				Services/ClassTraxPersistence.swift,
				Services/ScheduleHelpers.swift,
				Services/ScheduleList.swift,
				Utilities/Appinfo.swift,
				Utilities/BellFeedbackManager.swift,
				Utilities/BellSound.swift,
				Utilities/NotificationManager.swift,
				Utilities/ShareSheet.swift,
				Utilities/SystemSounds.swift,
				Views/AboutView.swift,
				Views/ActiveTimerCard.swift,
				Views/AddCommitmentView.swift,
				Views/AddEditView.swift,
				Views/AddTodoView.swift,
				Views/DailyExportView.swift,
				Views/DayOverridesView.swift,
				Views/DebugView.swift,
				Views/ExportView.swift,
				Views/ImportView.swift,
				Views/LaunchPrepView.swift,
				Views/NextUpSummaryCard.swift,
				Views/ProfilesView.swift,
				Views/QuickCaptureView.swift,
				Views/RootTabView.swift,
				Views/ScheduleView.swift,
				Views/SettingsView.swift,
				Views/TimelineRow.swift,
				Views/TodayView.swift,
				Views/TodayViewSupportViews.swift,
				Views/TodoListView.swift,
				Views/TypeBadge.swift,
			);
			target = 27EC66D62F61EB3D00D0870D /* ClassTraxExtension */;
		};
/* End PBXFileSystemSynchronizedBuildFileExceptionSet section */

/* Begin PBXFileSystemSynchronizedRootGroup section */
		2705502D2F7CC4730050F222 /* Push */ = {
			isa = PBXFileSystemSynchronizedRootGroup;
			path = Push;
			sourceTree = "<group>";
		};
		272BFA302F6BA9BB00245665 /* Class Trax Watch App */ = {
			isa = PBXFileSystemSynchronizedRootGroup;
			path = "Class Trax Watch App";
			sourceTree = "<group>";
		};
		27335DB72F5B700800889F92 /* ClassCue */ = {
			isa = PBXFileSystemSynchronizedRootGroup;
			exceptions = (
				27335DC22F5B700B00889F92 /* Exceptions for "ClassCue" folder in "ClassTrax" target */,
				27EC67322F6204B100D0870D /* Exceptions for "ClassCue" folder in "ClassTraxExtension" target */,
			);
			path = ClassCue;
			sourceTree = "<group>";
		};
		27EC66DC2F61EB3D00D0870D /* Class Cue */ = {
			isa = PBXFileSystemSynchronizedRootGroup;
			exceptions = (
				27EC66F02F61EB3F00D0870D /* Exceptions for "Class Cue" folder in "ClassTraxExtension" target */,
			);
			path = "Class Cue";
			sourceTree = "<group>";
		};
/* End PBXFileSystemSynchronizedRootGroup section */

/* Begin PBXFrameworksBuildPhase section */
		272BFA2C2F6BA9BB00245665 /* Frameworks */ = {
			isa = PBXFrameworksBuildPhase;
			buildActionMask = 2147483647;
			files = (
			);
			runOnlyForDeploymentPostprocessing = 0;
		};
		27335DB22F5B700800889F92 /* Frameworks */ = {
			isa = PBXFrameworksBuildPhase;
			buildActionMask = 2147483647;
			files = (
				27EC66D22F61EAE600D0870D /* ActivityKit.framework in Frameworks */,
				27EC66F62F61ECBB00D0870D /* WidgetKit.framework in Frameworks */,
				27C273E12F64914E00078D37 /* CarPlay.framework in Frameworks */,
			);
			runOnlyForDeploymentPostprocessing = 0;
		};
		27EC66D42F61EB3D00D0870D /* Frameworks */ = {
			isa = PBXFrameworksBuildPhase;
			buildActionMask = 2147483647;
			files = (
				27C273E32F64916800078D37 /* WatchKit.framework in Frameworks */,
				27C273E42F64916F00078D37 /* CarPlay.framework in Frameworks */,
				27EC66DB2F61EB3D00D0870D /* SwiftUI.framework in Frameworks */,
				27EC66D92F61EB3D00D0870D /* WidgetKit.framework in Frameworks */,
			);
			runOnlyForDeploymentPostprocessing = 0;
		};
/* End PBXFrameworksBuildPhase section */

/* Begin PBXGroup section */
		27335DAC2F5B700800889F92 = {
			isa = PBXGroup;
			children = (
				2775AE132F87F88200C95EEE /* ClassTraxExtensionRelease.entitlements */,
				27335DB72F5B700800889F92 /* ClassCue */,
				27EC66DC2F61EB3D00D0870D /* Class Cue */,
				272BFA302F6BA9BB00245665 /* Class Trax Watch App */,
				2705502D2F7CC4730050F222 /* Push */,
				27EC66D02F61EAE500D0870D /* Frameworks */,
				27335DB62F5B700800889F92 /* Products */,
			);
			sourceTree = "<group>";
		};
		27335DB62F5B700800889F92 /* Products */ = {
			isa = PBXGroup;
			children = (
				27335DB52F5B700800889F92 /* ClassTrax.app */,
				27EC66D72F61EB3D00D0870D /* ClassTraxExtension.appex */,
				272BFA2F2F6BA9BB00245665 /* ClassTrax Watch App.app */,
			);
			name = Products;
			sourceTree = "<group>";
		};
		27EC66D02F61EAE500D0870D /* Frameworks */ = {
			isa = PBXGroup;
			children = (
				27C273E22F64916800078D37 /* WatchKit.framework */,
				27C273E02F64914E00078D37 /* CarPlay.framework */,
				27EC66D12F61EAE600D0870D /* ActivityKit.framework */,
				27EC66D82F61EB3D00D0870D /* WidgetKit.framework */,
				27EC66DA2F61EB3D00D0870D /* SwiftUI.framework */,
				270550292F7CC4730050F222 /* UserNotifications.framework */,
				2705502B2F7CC4730050F222 /* UserNotificationsUI.framework */,
			);
			name = Frameworks;
			sourceTree = "<group>";
		};
/* End PBXGroup section */

/* Begin PBXNativeTarget section */
		272BFA2E2F6BA9BB00245665 /* ClassTrax Watch App */ = {
			isa = PBXNativeTarget;
			buildConfigurationList = 272BFA3D2F6BA9BD00245665 /* Build configuration list for PBXNativeTarget "ClassTrax Watch App" */;
			buildPhases = (
				272BFA2B2F6BA9BB00245665 /* Sources */,
				272BFA2C2F6BA9BB00245665 /* Frameworks */,
				272BFA2D2F6BA9BB00245665 /* Resources */,
			);
			buildRules = (
			);
			dependencies = (
			);
			fileSystemSynchronizedGroups = (
				272BFA302F6BA9BB00245665 /* Class Trax Watch App */,
			);
			name = "ClassTrax Watch App";
			packageProductDependencies = (
			);
			productName = "Class Trax Watch App";
			productReference = 272BFA2F2F6BA9BB00245665 /* ClassTrax Watch App.app */;
			productType = "com.apple.product-type.application";
		};
		27335DB42F5B700800889F92 /* ClassTrax */ = {
			isa = PBXNativeTarget;
			buildConfigurationList = 27335DC32F5B700B00889F92 /* Build configuration list for PBXNativeTarget "ClassTrax" */;
			buildPhases = (
				27335DB12F5B700800889F92 /* Sources */,
				27335DB22F5B700800889F92 /* Frameworks */,
				27335DB32F5B700800889F92 /* Resources */,
				27EC66F12F61EB3F00D0870D /* Embed Foundation Extensions */,
				272BFA3A2F6BA9BD00245665 /* Embed Watch Content */,
			);
			buildRules = (
			);
			dependencies = (
				27EC66EB2F61EB3F00D0870D /* PBXTargetDependency */,
				272BFA382F6BA9BD00245665 /* PBXTargetDependency */,
			);
			fileSystemSynchronizedGroups = (
				27335DB72F5B700800889F92 /* ClassCue */,
			);
			name = ClassTrax;
			packageProductDependencies = (
			);
			productName = ClassTrax;
			productReference = 27335DB52F5B700800889F92 /* ClassTrax.app */;
			productType = "com.apple.product-type.application";
		};
		27EC66D62F61EB3D00D0870D /* ClassTraxExtension */ = {
			isa = PBXNativeTarget;
			buildConfigurationList = 27EC66ED2F61EB3F00D0870D /* Build configuration list for PBXNativeTarget "ClassTraxExtension" */;
			buildPhases = (
				27EC66D32F61EB3D00D0870D /* Sources */,
				27EC66D42F61EB3D00D0870D /* Frameworks */,
				27EC66D52F61EB3D00D0870D /* Resources */,
			);
			buildRules = (
			);
			dependencies = (
			);
			fileSystemSynchronizedGroups = (
				27335DB72F5B700800889F92 /* ClassCue */,
				27EC66DC2F61EB3D00D0870D /* Class Cue */,
			);
			name = ClassTraxExtension;
			packageProductDependencies = (
			);
			productName = ClassTraxExtension;
			productReference = 27EC66D72F61EB3D00D0870D /* ClassTraxExtension.appex */;
			productType = "com.apple.product-type.app-extension";
		};
/* End PBXNativeTarget section */

/* Begin PBXProject section */
		27335DAD2F5B700800889F92 /* Project object */ = {
			isa = PBXProject;
			attributes = {
				BuildIndependentTargetsInParallel = 1;
				LastSwiftUpdateCheck = 2640;
				LastUpgradeCheck = 2640;
				TargetAttributes = {
					272BFA2E2F6BA9BB00245665 = {
						CreatedOnToolsVersion = 26.3;
					};
					27335DB42F5B700800889F92 = {
						CreatedOnToolsVersion = 26.3;
					};
					27EC66D62F61EB3D00D0870D = {
						CreatedOnToolsVersion = 26.3;
					};
				};
			};
			buildConfigurationList = 27335DB02F5B700800889F92 /* Build configuration list for PBXProject "ClassTrax" */;
			developmentRegion = en;
			hasScannedForEncodings = 0;
			knownRegions = (
				en,
				Base,
			);
			mainGroup = 27335DAC2F5B700800889F92;
			minimizedProjectReferenceProxies = 1;
			preferredProjectObjectVersion = 77;
			productRefGroup = 27335DB62F5B700800889F92 /* Products */;
			projectDirPath = "";
			projectRoot = "";
			targets = (
				27335DB42F5B700800889F92 /* ClassTrax */,
				27EC66D62F61EB3D00D0870D /* ClassTraxExtension */,
				272BFA2E2F6BA9BB00245665 /* ClassTrax Watch App */,
			);
		};
/* End PBXProject section */

/* Begin PBXResourcesBuildPhase section */
		272BFA2D2F6BA9BB00245665 /* Resources */ = {
			isa = PBXResourcesBuildPhase;
			buildActionMask = 2147483647;
			files = (
			);
			runOnlyForDeploymentPostprocessing = 0;
		};
		27335DB32F5B700800889F92 /* Resources */ = {
			isa = PBXResourcesBuildPhase;
			buildActionMask = 2147483647;
			files = (
			);
			runOnlyForDeploymentPostprocessing = 0;
		};
		27EC66D52F61EB3D00D0870D /* Resources */ = {
			isa = PBXResourcesBuildPhase;
			buildActionMask = 2147483647;
			files = (
			);
			runOnlyForDeploymentPostprocessing = 0;
		};
/* End PBXResourcesBuildPhase section */

/* Begin PBXSourcesBuildPhase section */
		272BFA2B2F6BA9BB00245665 /* Sources */ = {
			isa = PBXSourcesBuildPhase;
			buildActionMask = 2147483647;
			files = (
			);
			runOnlyForDeploymentPostprocessing = 0;
		};
		27335DB12F5B700800889F92 /* Sources */ = {
			isa = PBXSourcesBuildPhase;
			buildActionMask = 2147483647;
			files = (
			);
			runOnlyForDeploymentPostprocessing = 0;
		};
		27EC66D32F61EB3D00D0870D /* Sources */ = {
			isa = PBXSourcesBuildPhase;
			buildActionMask = 2147483647;
			files = (
			);
			runOnlyForDeploymentPostprocessing = 0;
		};
/* End PBXSourcesBuildPhase section */

/* Begin PBXTargetDependency section */
		272BFA382F6BA9BD00245665 /* PBXTargetDependency */ = {
			isa = PBXTargetDependency;
			target = 272BFA2E2F6BA9BB00245665 /* ClassTrax Watch App */;
			targetProxy = 272BFA372F6BA9BD00245665 /* PBXContainerItemProxy */;
		};
		27EC66EB2F61EB3F00D0870D /* PBXTargetDependency */ = {
			isa = PBXTargetDependency;
			target = 27EC66D62F61EB3D00D0870D /* ClassTraxExtension */;
			targetProxy = 27EC66EA2F61EB3F00D0870D /* PBXContainerItemProxy */;
		};
/* End PBXTargetDependency section */

/* Begin XCBuildConfiguration section */
		272BFA3B2F6BA9BD00245665 /* Debug */ = {
			isa = XCBuildConfiguration;
			buildSettings = {
				ASSETCATALOG_COMPILER_APPICON_NAME = AppIcon;
				ASSETCATALOG_COMPILER_GLOBAL_ACCENT_COLOR_NAME = AccentColor;
				ASSETCATALOG_COMPILER_INCLUDE_ALL_APPICON_ASSETS = YES;
				CODE_SIGN_STYLE = Automatic;
				CURRENT_PROJECT_VERSION = 4;
				DEVELOPMENT_TEAM = XJWF586LVS;
				ENABLE_PREVIEWS = YES;
				GENERATE_INFOPLIST_FILE = YES;
				INFOPLIST_KEY_CFBundleDisplayName = "Class Trax";
				INFOPLIST_KEY_UISupportedInterfaceOrientations = "UIInterfaceOrientationPortrait UIInterfaceOrientationPortraitUpsideDown";
				INFOPLIST_KEY_WKCompanionAppBundleIdentifier = com.mrmike.classtrax;
				LD_RUNPATH_SEARCH_PATHS = (
					"$(inherited)",
					"@executable_path/Frameworks",
				);
				MARKETING_VERSION = 0.9.3;
				PRODUCT_BUNDLE_IDENTIFIER = com.mrmike.classtrax.watchkitapp;
				PRODUCT_NAME = "$(TARGET_NAME)";
				SDKROOT = watchos;
				SKIP_INSTALL = YES;
				STRING_CATALOG_GENERATE_SYMBOLS = YES;
				SWIFT_APPROACHABLE_CONCURRENCY = YES;
				SWIFT_DEFAULT_ACTOR_ISOLATION = MainActor;
				SWIFT_EMIT_LOC_STRINGS = YES;
				SWIFT_UPCOMING_FEATURE_MEMBER_IMPORT_VISIBILITY = YES;
				SWIFT_VERSION = 5.0;
				TARGETED_DEVICE_FAMILY = 4;
				WATCHOS_DEPLOYMENT_TARGET = 26.2;
			};
			name = Debug;
		};
		272BFA3C2F6BA9BD00245665 /* Release */ = {
			isa = XCBuildConfiguration;
			buildSettings = {
				ASSETCATALOG_COMPILER_APPICON_NAME = AppIcon;
				ASSETCATALOG_COMPILER_GLOBAL_ACCENT_COLOR_NAME = AccentColor;
				ASSETCATALOG_COMPILER_INCLUDE_ALL_APPICON_ASSETS = YES;
				CODE_SIGN_STYLE = Automatic;
				CURRENT_PROJECT_VERSION = 4;
				DEVELOPMENT_TEAM = XJWF586LVS;
				ENABLE_PREVIEWS = YES;
				GENERATE_INFOPLIST_FILE = YES;
				INFOPLIST_KEY_CFBundleDisplayName = "Class Trax";
				INFOPLIST_KEY_UISupportedInterfaceOrientations = "UIInterfaceOrientationPortrait UIInterfaceOrientationPortraitUpsideDown";
				INFOPLIST_KEY_WKCompanionAppBundleIdentifier = com.mrmike.classtrax;
				LD_RUNPATH_SEARCH_PATHS = (
					"$(inherited)",
					"@executable_path/Frameworks",
				);
				MARKETING_VERSION = 0.9.3;
				PRODUCT_BUNDLE_IDENTIFIER = com.mrmike.classtrax.watchkitapp;
				PRODUCT_NAME = "$(TARGET_NAME)";
				SDKROOT = watchos;
				SKIP_INSTALL = YES;
				STRING_CATALOG_GENERATE_SYMBOLS = YES;
				SWIFT_APPROACHABLE_CONCURRENCY = YES;
				SWIFT_DEFAULT_ACTOR_ISOLATION = MainActor;
				SWIFT_EMIT_LOC_STRINGS = YES;
				SWIFT_UPCOMING_FEATURE_MEMBER_IMPORT_VISIBILITY = YES;
				SWIFT_VERSION = 5.0;
				TARGETED_DEVICE_FAMILY = 4;
				WATCHOS_DEPLOYMENT_TARGET = 26.2;
			};
			name = Release;
		};
		27335DC42F5B700B00889F92 /* Debug */ = {
			isa = XCBuildConfiguration;
			buildSettings = {
				ASSETCATALOG_COMPILER_APPICON_NAME = AppIcon;
				ASSETCATALOG_COMPILER_GLOBAL_ACCENT_COLOR_NAME = AccentColor;
				ASSETCATALOG_COMPILER_INCLUDE_ALL_APPICON_ASSETS = YES;
				CODE_SIGN_ENTITLEMENTS = ClassCue/ClassTrax.entitlements;
				CODE_SIGN_IDENTITY = "Apple Development";
				CODE_SIGN_STYLE = Automatic;
				CURRENT_PROJECT_VERSION = 4;
				DEVELOPMENT_TEAM = XJWF586LVS;
				ENABLE_DEBUG_DYLIB = NO;
				ENABLE_PREVIEWS = YES;
				GENERATE_INFOPLIST_FILE = YES;
				INFOPLIST_FILE = ClassCue/Info.plist;
				INFOPLIST_KEY_CFBundleDisplayName = "Class Trax";
				INFOPLIST_KEY_LSApplicationCategoryType = "public.app-category.utilities";
				INFOPLIST_KEY_NSSupportsLiveActivities = YES;
				INFOPLIST_KEY_UIApplicationSceneManifest_Generation = YES;
				INFOPLIST_KEY_UIApplicationSupportsIndirectInputEvents = YES;
				INFOPLIST_KEY_UILaunchScreen_Generation = YES;
				INFOPLIST_KEY_UIStatusBarStyle = "";
				INFOPLIST_KEY_UISupportedInterfaceOrientations = "UIInterfaceOrientationLandscapeLeft UIInterfaceOrientationLandscapeRight UIInterfaceOrientationPortrait";
				INFOPLIST_KEY_UISupportedInterfaceOrientations_iPad = "UIInterfaceOrientationLandscapeLeft UIInterfaceOrientationLandscapeRight UIInterfaceOrientationPortrait UIInterfaceOrientationPortraitUpsideDown";
				IPHONEOS_DEPLOYMENT_TARGET = 26.0;
				LD_RUNPATH_SEARCH_PATHS = (
					"$(inherited)",
					"@executable_path/Frameworks",
				);
				MARKETING_VERSION = 0.9.3;
				PRODUCT_BUNDLE_IDENTIFIER = com.mrmike.classtrax;
				PRODUCT_NAME = "$(TARGET_NAME)";
				PROVISIONING_PROFILE_SPECIFIER = "";
				STRING_CATALOG_GENERATE_SYMBOLS = YES;
				SUPPORTED_PLATFORMS = "iphoneos iphonesimulator";
				SUPPORTS_MACCATALYST = NO;
				SUPPORTS_XR_DESIGNED_FOR_IPHONE_IPAD = NO;
				SWIFT_APPROACHABLE_CONCURRENCY = YES;
				SWIFT_DEFAULT_ACTOR_ISOLATION = MainActor;
				SWIFT_EMIT_LOC_STRINGS = YES;
				SWIFT_UPCOMING_FEATURE_MEMBER_IMPORT_VISIBILITY = YES;
				SWIFT_VERSION = 5.0;
				TARGETED_DEVICE_FAMILY = "1,2";
			};
			name = Debug;
		};
		27335DC52F5B700B00889F92 /* Release */ = {
			isa = XCBuildConfiguration;
			buildSettings = {
				ASSETCATALOG_COMPILER_APPICON_NAME = AppIcon;
				ASSETCATALOG_COMPILER_GLOBAL_ACCENT_COLOR_NAME = AccentColor;
				ASSETCATALOG_COMPILER_INCLUDE_ALL_APPICON_ASSETS = YES;
				CODE_SIGN_ENTITLEMENTS = ClassCue/ClassTraxRelease.entitlements;
				CODE_SIGN_IDENTITY = "Apple Development";
				CODE_SIGN_STYLE = Automatic;
				CURRENT_PROJECT_VERSION = 4;
				DEVELOPMENT_TEAM = XJWF586LVS;
				ENABLE_PREVIEWS = YES;
				GENERATE_INFOPLIST_FILE = YES;
				INFOPLIST_FILE = ClassCue/Info.plist;
				INFOPLIST_KEY_CFBundleDisplayName = "Class Trax";
				INFOPLIST_KEY_LSApplicationCategoryType = "public.app-category.utilities";
				INFOPLIST_KEY_NSSupportsLiveActivities = YES;
				INFOPLIST_KEY_UIApplicationSceneManifest_Generation = YES;
				INFOPLIST_KEY_UIApplicationSupportsIndirectInputEvents = YES;
				INFOPLIST_KEY_UILaunchScreen_Generation = YES;
				INFOPLIST_KEY_UIStatusBarStyle = "";
				INFOPLIST_KEY_UISupportedInterfaceOrientations = "UIInterfaceOrientationLandscapeLeft UIInterfaceOrientationLandscapeRight UIInterfaceOrientationPortrait";
				INFOPLIST_KEY_UISupportedInterfaceOrientations_iPad = "UIInterfaceOrientationLandscapeLeft UIInterfaceOrientationLandscapeRight UIInterfaceOrientationPortrait UIInterfaceOrientationPortraitUpsideDown";
				IPHONEOS_DEPLOYMENT_TARGET = 26.0;
				LD_RUNPATH_SEARCH_PATHS = (
					"$(inherited)",
					"@executable_path/Frameworks",
				);
				MARKETING_VERSION = 0.9.3;
				PRODUCT_BUNDLE_IDENTIFIER = com.mrmike.classtrax;
				PRODUCT_NAME = "$(TARGET_NAME)";
				PROVISIONING_PROFILE_SPECIFIER = "";
				STRING_CATALOG_GENERATE_SYMBOLS = YES;
				SUPPORTED_PLATFORMS = "iphoneos iphonesimulator";
				SUPPORTS_MACCATALYST = NO;
				SUPPORTS_XR_DESIGNED_FOR_IPHONE_IPAD = NO;
				SWIFT_APPROACHABLE_CONCURRENCY = YES;
				SWIFT_DEFAULT_ACTOR_ISOLATION = MainActor;
				SWIFT_EMIT_LOC_STRINGS = YES;
				SWIFT_UPCOMING_FEATURE_MEMBER_IMPORT_VISIBILITY = YES;
				SWIFT_VERSION = 5.0;
				TARGETED_DEVICE_FAMILY = "1,2";
			};
			name = Release;
		};
		27335DC62F5B700B00889F92 /* Debug */ = {
			isa = XCBuildConfiguration;
			buildSettings = {
				ALWAYS_SEARCH_USER_PATHS = NO;
				ASSETCATALOG_COMPILER_GENERATE_SWIFT_ASSET_SYMBOL_EXTENSIONS = YES;
				CLANG_ANALYZER_NONNULL = YES;
				CLANG_ANALYZER_NUMBER_OBJECT_CONVERSION = YES_AGGRESSIVE;
				CLANG_CXX_LANGUAGE_STANDARD = "gnu++20";
				CLANG_ENABLE_MODULES = YES;
				CLANG_ENABLE_OBJC_ARC = YES;
				CLANG_ENABLE_OBJC_WEAK = YES;
				CLANG_WARN_BLOCK_CAPTURE_AUTORELEASING = YES;
				CLANG_WARN_BOOL_CONVERSION = YES;
				CLANG_WARN_COMMA = YES;
				CLANG_WARN_CONSTANT_CONVERSION = YES;
				CLANG_WARN_DEPRECATED_OBJC_IMPLEMENTATIONS = YES;
				CLANG_WARN_DIRECT_OBJC_ISA_USAGE = YES_ERROR;
				CLANG_WARN_DOCUMENTATION_COMMENTS = YES;
				CLANG_WARN_EMPTY_BODY = YES;
				CLANG_WARN_ENUM_CONVERSION = YES;
				CLANG_WARN_INFINITE_RECURSION = YES;
				CLANG_WARN_INT_CONVERSION = YES;
				CLANG_WARN_NON_LITERAL_NULL_CONVERSION = YES;
				CLANG_WARN_OBJC_IMPLICIT_RETAIN_SELF = YES;
				CLANG_WARN_OBJC_LITERAL_CONVERSION = YES;
				CLANG_WARN_OBJC_ROOT_CLASS = YES_ERROR;
				CLANG_WARN_QUOTED_INCLUDE_IN_FRAMEWORK_HEADER = YES;
				CLANG_WARN_RANGE_LOOP_ANALYSIS = YES;
				CLANG_WARN_STRICT_PROTOTYPES = YES;
				CLANG_WARN_SUSPICIOUS_MOVE = YES;
				CLANG_WARN_UNGUARDED_AVAILABILITY = YES_AGGRESSIVE;
				CLANG_WARN_UNREACHABLE_CODE = YES;
				CLANG_WARN__DUPLICATE_METHOD_MATCH = YES;
				COPY_PHASE_STRIP = NO;
				DEBUG_INFORMATION_FORMAT = dwarf;
				DEVELOPMENT_TEAM = XJWF586LVS;
				ENABLE_STRICT_OBJC_MSGSEND = YES;
				ENABLE_TESTABILITY = YES;
				ENABLE_USER_SCRIPT_SANDBOXING = YES;
				GCC_C_LANGUAGE_STANDARD = gnu17;
				GCC_DYNAMIC_NO_PIC = NO;
				GCC_NO_COMMON_BLOCKS = YES;
				GCC_OPTIMIZATION_LEVEL = 0;
				GCC_PREPROCESSOR_DEFINITIONS = (
					"DEBUG=1",
					"$(inherited)",
				);
				GCC_WARN_64_TO_32_BIT_CONVERSION = YES;
				GCC_WARN_ABOUT_RETURN_TYPE = YES_ERROR;
				GCC_WARN_UNDECLARED_SELECTOR = YES;
				GCC_WARN_UNINITIALIZED_AUTOS = YES_AGGRESSIVE;
				GCC_WARN_UNUSED_FUNCTION = YES;
				GCC_WARN_UNUSED_VARIABLE = YES;
				IPHONEOS_DEPLOYMENT_TARGET = 26.2;
				LOCALIZATION_PREFERS_STRING_CATALOGS = YES;
				MTL_ENABLE_DEBUG_INFO = INCLUDE_SOURCE;
				MTL_FAST_MATH = YES;
				ONLY_ACTIVE_ARCH = YES;
				SDKROOT = iphoneos;
				STRING_CATALOG_GENERATE_SYMBOLS = YES;
				SWIFT_ACTIVE_COMPILATION_CONDITIONS = "DEBUG $(inherited)";
				SWIFT_OPTIMIZATION_LEVEL = "-Onone";
			};
			name = Debug;
		};
		27335DC72F5B700B00889F92 /* Release */ = {
			isa = XCBuildConfiguration;
			buildSettings = {
				ALWAYS_SEARCH_USER_PATHS = NO;
				ASSETCATALOG_COMPILER_GENERATE_SWIFT_ASSET_SYMBOL_EXTENSIONS = YES;
				CLANG_ANALYZER_NONNULL = YES;
				CLANG_ANALYZER_NUMBER_OBJECT_CONVERSION = YES_AGGRESSIVE;
				CLANG_CXX_LANGUAGE_STANDARD = "gnu++20";
				CLANG_ENABLE_MODULES = YES;
				CLANG_ENABLE_OBJC_ARC = YES;
				CLANG_ENABLE_OBJC_WEAK = YES;
				CLANG_WARN_BLOCK_CAPTURE_AUTORELEASING = YES;
				CLANG_WARN_BOOL_CONVERSION = YES;
				CLANG_WARN_COMMA = YES;
				CLANG_WARN_CONSTANT_CONVERSION = YES;
				CLANG_WARN_DEPRECATED_OBJC_IMPLEMENTATIONS = YES;
				CLANG_WARN_DIRECT_OBJC_ISA_USAGE = YES_ERROR;
				CLANG_WARN_DOCUMENTATION_COMMENTS = YES;
				CLANG_WARN_EMPTY_BODY = YES;
				CLANG_WARN_ENUM_CONVERSION = YES;
				CLANG_WARN_INFINITE_RECURSION = YES;
				CLANG_WARN_INT_CONVERSION = YES;
				CLANG_WARN_NON_LITERAL_NULL_CONVERSION = YES;
				CLANG_WARN_OBJC_IMPLICIT_RETAIN_SELF = YES;
				CLANG_WARN_OBJC_LITERAL_CONVERSION = YES;
				CLANG_WARN_OBJC_ROOT_CLASS = YES_ERROR;
				CLANG_WARN_QUOTED_INCLUDE_IN_FRAMEWORK_HEADER = YES;
				CLANG_WARN_RANGE_LOOP_ANALYSIS = YES;
				CLANG_WARN_STRICT_PROTOTYPES = YES;
				CLANG_WARN_SUSPICIOUS_MOVE = YES;
				CLANG_WARN_UNGUARDED_AVAILABILITY = YES_AGGRESSIVE;
				CLANG_WARN_UNREACHABLE_CODE = YES;
				CLANG_WARN__DUPLICATE_METHOD_MATCH = YES;
				COPY_PHASE_STRIP = NO;
				DEBUG_INFORMATION_FORMAT = "dwarf-with-dsym";
				DEVELOPMENT_TEAM = XJWF586LVS;
				ENABLE_NS_ASSERTIONS = NO;
				ENABLE_STRICT_OBJC_MSGSEND = YES;
				ENABLE_USER_SCRIPT_SANDBOXING = YES;
				GCC_C_LANGUAGE_STANDARD = gnu17;
				GCC_NO_COMMON_BLOCKS = YES;
				GCC_WARN_64_TO_32_BIT_CONVERSION = YES;
				GCC_WARN_ABOUT_RETURN_TYPE = YES_ERROR;
				GCC_WARN_UNDECLARED_SELECTOR = YES;
				GCC_WARN_UNINITIALIZED_AUTOS = YES_AGGRESSIVE;
				GCC_WARN_UNUSED_FUNCTION = YES;
				GCC_WARN_UNUSED_VARIABLE = YES;
				IPHONEOS_DEPLOYMENT_TARGET = 26.2;
				LOCALIZATION_PREFERS_STRING_CATALOGS = YES;
				MTL_ENABLE_DEBUG_INFO = NO;
				MTL_FAST_MATH = YES;
				SDKROOT = iphoneos;
				STRING_CATALOG_GENERATE_SYMBOLS = YES;
				SWIFT_COMPILATION_MODE = wholemodule;
				VALIDATE_PRODUCT = YES;
			};
			name = Release;
		};
		27EC66EE2F61EB3F00D0870D /* Debug */ = {
			isa = XCBuildConfiguration;
			buildSettings = {
				ASSETCATALOG_COMPILER_GLOBAL_ACCENT_COLOR_NAME = AccentColor;
				ASSETCATALOG_COMPILER_WIDGET_BACKGROUND_COLOR_NAME = WidgetBackground;
				CODE_SIGN_ENTITLEMENTS = "Class Cue/ClassTraxExtension.entitlements";
				CODE_SIGN_STYLE = Automatic;
				CURRENT_PROJECT_VERSION = 4;
				DEVELOPMENT_TEAM = XJWF586LVS;
				GENERATE_INFOPLIST_FILE = YES;
				INFOPLIST_FILE = "Class Cue/Info.plist";
				INFOPLIST_KEY_CFBundleDisplayName = "Class Trax";
				INFOPLIST_KEY_NSHumanReadableCopyright = "";
				INFOPLIST_KEY_NSSupportsLiveActivities = YES;
				LD_RUNPATH_SEARCH_PATHS = (
					"$(inherited)",
					"@executable_path/Frameworks",
					"@executable_path/../../Frameworks",
				);
				MARKETING_VERSION = 0.9.3;
				PRODUCT_BUNDLE_IDENTIFIER = "com.mrmike.classtrax.Class-Trax";
				PRODUCT_NAME = "$(TARGET_NAME)";
				SKIP_INSTALL = YES;
				STRING_CATALOG_GENERATE_SYMBOLS = YES;
				SUPPORTED_PLATFORMS = "iphoneos iphonesimulator";
				SUPPORTS_MACCATALYST = NO;
				SWIFT_APPROACHABLE_CONCURRENCY = YES;
				SWIFT_EMIT_LOC_STRINGS = YES;
				SWIFT_UPCOMING_FEATURE_MEMBER_IMPORT_VISIBILITY = YES;
				SWIFT_VERSION = 5.0;
				TARGETED_DEVICE_FAMILY = "1,2";
			};
			name = Debug;
		};
		27EC66EF2F61EB3F00D0870D /* Release */ = {
			isa = XCBuildConfiguration;
			buildSettings = {
				ASSETCATALOG_COMPILER_GLOBAL_ACCENT_COLOR_NAME = AccentColor;
				ASSETCATALOG_COMPILER_WIDGET_BACKGROUND_COLOR_NAME = WidgetBackground;
				CODE_SIGN_ENTITLEMENTS = ClassTraxExtensionRelease.entitlements;
				CODE_SIGN_STYLE = Automatic;
				CURRENT_PROJECT_VERSION = 4;
				DEVELOPMENT_TEAM = XJWF586LVS;
				GENERATE_INFOPLIST_FILE = YES;
				INFOPLIST_FILE = "Class Cue/Info.plist";
				INFOPLIST_KEY_CFBundleDisplayName = "Class Trax";
				INFOPLIST_KEY_NSHumanReadableCopyright = "";
				INFOPLIST_KEY_NSSupportsLiveActivities = YES;
				LD_RUNPATH_SEARCH_PATHS = (
					"$(inherited)",
					"@executable_path/Frameworks",
					"@executable_path/../../Frameworks",
				);
				MARKETING_VERSION = 0.9.3;
				PRODUCT_BUNDLE_IDENTIFIER = "com.mrmike.classtrax.Class-Trax";
				PRODUCT_NAME = "$(TARGET_NAME)";
				SKIP_INSTALL = YES;
				STRING_CATALOG_GENERATE_SYMBOLS = YES;
				SUPPORTED_PLATFORMS = "iphoneos iphonesimulator";
				SUPPORTS_MACCATALYST = NO;
				SWIFT_APPROACHABLE_CONCURRENCY = YES;
				SWIFT_EMIT_LOC_STRINGS = YES;
				SWIFT_UPCOMING_FEATURE_MEMBER_IMPORT_VISIBILITY = YES;
				SWIFT_VERSION = 5.0;
				TARGETED_DEVICE_FAMILY = "1,2";
			};
			name = Release;
		};
/* End XCBuildConfiguration section */

/* Begin XCConfigurationList section */
		272BFA3D2F6BA9BD00245665 /* Build configuration list for PBXNativeTarget "ClassTrax Watch App" */ = {
			isa = XCConfigurationList;
			buildConfigurations = (
				272BFA3B2F6BA9BD00245665 /* Debug */,
				272BFA3C2F6BA9BD00245665 /* Release */,
			);
			defaultConfigurationIsVisible = 0;
			defaultConfigurationName = Release;
		};
		27335DB02F5B700800889F92 /* Build configuration list for PBXProject "ClassTrax" */ = {
			isa = XCConfigurationList;
			buildConfigurations = (
				27335DC62F5B700B00889F92 /* Debug */,
				27335DC72F5B700B00889F92 /* Release */,
			);
			defaultConfigurationIsVisible = 0;
			defaultConfigurationName = Release;
		};
		27335DC32F5B700B00889F92 /* Build configuration list for PBXNativeTarget "ClassTrax" */ = {
			isa = XCConfigurationList;
			buildConfigurations = (
				27335DC42F5B700B00889F92 /* Debug */,
				27335DC52F5B700B00889F92 /* Release */,
			);
			defaultConfigurationIsVisible = 0;
			defaultConfigurationName = Release;
		};
		27EC66ED2F61EB3F00D0870D /* Build configuration list for PBXNativeTarget "ClassTraxExtension" */ = {
			isa = XCConfigurationList;
			buildConfigurations = (
				27EC66EE2F61EB3F00D0870D /* Debug */,
				27EC66EF2F61EB3F00D0870D /* Release */,
			);
			defaultConfigurationIsVisible = 0;
			defaultConfigurationName = Release;
		};
/* End XCConfigurationList section */
	};
	rootObject = 27335DAD2F5B700800889F92 /* Project object */;
}
